
Microsoft Visual Studio Solution File, Format Version 12.00
# Visual Studio Version 16
VisualStudioVersion = 16.0.32106.194
MinimumVisualStudioVersion = 10.0.40219.1
Project("{9A19103F-16F7-4668-BE54-9A1E7A4F7556}") = "PasswordKEEP", "PasswordKEEP\PasswordKEEP.csproj", "{A98C0130-274A-4ACB-A0FF-B82C39872FE0}"
EndProject
Project("{9A19103F-16F7-4668-BE54-9A1E7A4F7556}") = "Entities", "Entities\Entities.csproj", "{CF1A1545-71FD-40D7-91FD-071C35A4F8B5}"
EndProject
Project("{9A19103F-16F7-4668-BE54-9A1E7A4F7556}") = "Contracts", "Contracts\Contracts.csproj", "{9A6149A5-E699-46EC-99ED-15D43E85CA59}"
EndProject
Project("{9A19103F-16F7-4668-BE54-9A1E7A4F7556}") = "Repositories", "Repositories\Repositories.csproj", "{29E17505-CDB0-4CBC-8ED6-93209A14A286}"
EndProject
Global
	GlobalSection(SolutionConfigurationPlatforms) = preSolution
		Debug|Any CPU = Debug|Any CPU
		Release|Any CPU = Release|Any CPU
	EndGlobalSection
	GlobalSection(ProjectConfigurationPlatforms) = postSolution
		{A98C0130-274A-4ACB-A0FF-B82C39872FE0}.Debug|Any CPU.ActiveCfg = Debug|Any CPU
		{A98C0130-274A-4ACB-A0FF-B82C39872FE0}.Debug|Any CPU.Build.0 = Debug|Any CPU
		{A98C0130-274A-4ACB-A0FF-B82C39872FE0}.Release|Any CPU.ActiveCfg = Release|Any CPU
		{A98C0130-274A-4ACB-A0FF-B82C39872FE0}.Release|Any CPU.Build.0 = Release|Any CPU
		{CF1A1545-71FD-40D7-91FD-071C35A4F8B5}.Debug|Any CPU.ActiveCfg = Debug|Any CPU
		{CF1A1545-71FD-40D7-91FD-071C35A4F8B5}.Debug|Any CPU.Build.0 = Debug|Any CPU
		{CF1A1545-71FD-40D7-91FD-071C35A4F8B5}.Release|Any CPU.ActiveCfg = Release|Any CPU
		{CF1A1545-71FD-40D7-91FD-071C35A4F8B5}.Release|Any CPU.Build.0 = Release|Any CPU
		{9A6149A5-E699-46EC-99ED-15D43E85CA59}.Debug|Any CPU.ActiveCfg = Debug|Any CPU
		{9A6149A5-E699-46EC-99ED-15D43E85CA59}.Debug|Any CPU.Build.0 = Debug|Any CPU
		{9A6149A5-E699-46EC-99ED-15D43E85CA59}.Release|Any CPU.ActiveCfg = Release|Any CPU
		{9A6149A5-E699-46EC-99ED-15D43E85CA59}.Release|Any CPU.Build.0 = Release|Any CPU
		{29E17505-CDB0-4CBC-8ED6-93209A14A286}.Debug|Any CPU.ActiveCfg = Debug|Any CPU
		{29E17505-CDB0-4CBC-8ED6-93209A14A286}.Debug|Any CPU.Build.0 = Debug|Any CPU
		{29E17505-CDB0-4CBC-8ED6-93209A14A286}.Release|Any CPU.ActiveCfg = Release|Any CPU
		{29E17505-CDB0-4CBC-8ED6-93209A14A286}.Release|Any CPU.Build.0 = Release|Any CPU
	EndGlobalSection
	GlobalSection(SolutionProperties) = preSolution
		HideSolutionNode = FALSE
	EndGlobalSection
	GlobalSection(ExtensibilityGlobals) = postSolution
		SolutionGuid = {2BFF6457-2B02-4487-A405-6E97B009A656}
	EndGlobalSection
EndGlobal
